// !$*UTF8*$!
{
	archiveVersion = 1;
	classes = {
	};
	objectVersion = 46;
	objects = {

/* Begin PBXBuildFile section */
		3B49DFEE1B0DBBF000091FD9 /* do_TencentWX_App.h in Resources */ = {isa = PBXBuildFile; fileRef = CCFAEB241B04416300AED8D5 /* do_TencentWX_App.h */; };
		3B49DFEF1B0DBBF000091FD9 /* do_TencentWX_ISM.h in Resources */ = {isa = PBXBuildFile; fileRef = CCFAEB261B04416300AED8D5 /* do_TencentWX_ISM.h */; };
		3B49DFF01B0DBBF000091FD9 /* do_TencentWX_SM.h in Resources */ = {isa = PBXBuildFile; fileRef = CCFAEB271B04416300AED8D5 /* do_TencentWX_SM.h */; };
		3B6E3B3F1CFD2B32009A9478 /* libWeChatSDK.a in Frameworks */ = {isa = PBXBuildFile; fileRef = 3B6E3B3A1CFD2B32009A9478 /* libWeChatSDK.a */; };
		3B6E3B401CFD2B61009A9478 /* UIKit.framework in Frameworks */ = {isa = PBXBuildFile; fileRef = CCFAEB351B044BF200AED8D5 /* UIKit.framework */; };
		A44BC6701AEE005E001580AA /* main.m in Sources */ = {isa = PBXBuildFile; fileRef = A44BC66F1AEE005E001580AA /* main.m */; };
		A44BC6731AEE005E001580AA /* AppDelegate.m in Sources */ = {isa = PBXBuildFile; fileRef = A44BC6721AEE005E001580AA /* AppDelegate.m */; };
		A44BC6761AEE005E001580AA /* ViewController.m in Sources */ = {isa = PBXBuildFile; fileRef = A44BC6751AEE005E001580AA /* ViewController.m */; };
		A44BC67B1AEE005E001580AA /* Images.xcassets in Resources */ = {isa = PBXBuildFile; fileRef = A44BC67A1AEE005E001580AA /* Images.xcassets */; };
		A44BC69F1AEE008D001580AA /* doApp.m in Sources */ = {isa = PBXBuildFile; fileRef = A44BC6951AEE008D001580AA /* doApp.m */; };
		A44BC6A01AEE008D001580AA /* doLogEngine.m in Sources */ = {isa = PBXBuildFile; fileRef = A44BC6981AEE008D001580AA /* doLogEngine.m */; };
		A44BC6A11AEE008D001580AA /* doPage.m in Sources */ = {isa = PBXBuildFile; fileRef = A44BC69A1AEE008D001580AA /* doPage.m */; };
		A44BC6A21AEE008D001580AA /* doScriptEngine.m in Sources */ = {isa = PBXBuildFile; fileRef = A44BC69C1AEE008D001580AA /* doScriptEngine.m */; };
		A44BC6A31AEE008D001580AA /* doService.m in Sources */ = {isa = PBXBuildFile; fileRef = A44BC69E1AEE008D001580AA /* doService.m */; };
		CCFAEA591B00322400AED8D5 /* libDoCore.a in Frameworks */ = {isa = PBXBuildFile; fileRef = CCFAEA581B00322400AED8D5 /* libDoCore.a */; };
		CCFAEA921B00B16A00AED8D5 /* doPageViewFactory.m in Sources */ = {isa = PBXBuildFile; fileRef = CCFAEA911B00B16A00AED8D5 /* doPageViewFactory.m */; };
		CCFAEA991B00ECD800AED8D5 /* ImageIO.framework in Frameworks */ = {isa = PBXBuildFile; fileRef = CCFAEA981B00ECD800AED8D5 /* ImageIO.framework */; };
		CCFAEA9B1B00ECF400AED8D5 /* Security.framework in Frameworks */ = {isa = PBXBuildFile; fileRef = CCFAEA9A1B00ECF400AED8D5 /* Security.framework */; };
		CCFAEA9D1B00ED1C00AED8D5 /* CoreGraphics.framework in Frameworks */ = {isa = PBXBuildFile; fileRef = CCFAEA9C1B00ED1C00AED8D5 /* CoreGraphics.framework */; };
		CCFAEA9F1B00ED3000AED8D5 /* SystemConfiguration.framework in Frameworks */ = {isa = PBXBuildFile; fileRef = CCFAEA9E1B00ED3000AED8D5 /* SystemConfiguration.framework */; };
		CCFAEAA11B00ED4600AED8D5 /* OpenGLES.framework in Frameworks */ = {isa = PBXBuildFile; fileRef = CCFAEAA01B00ED4600AED8D5 /* OpenGLES.framework */; };
		CCFAEAA31B00ED5800AED8D5 /* QuartzCore.framework in Frameworks */ = {isa = PBXBuildFile; fileRef = CCFAEAA21B00ED5800AED8D5 /* QuartzCore.framework */; };
		CCFAEAA51B00ED6B00AED8D5 /* CoreLocation.framework in Frameworks */ = {isa = PBXBuildFile; fileRef = CCFAEAA41B00ED6B00AED8D5 /* CoreLocation.framework */; };
		CCFAEAA71B00ED8700AED8D5 /* libresolv.dylib in Frameworks */ = {isa = PBXBuildFile; fileRef = CCFAEAA61B00ED8700AED8D5 /* libresolv.dylib */; };
		CCFAEAA91B00ED9A00AED8D5 /* libstdc++.6.0.9.dylib in Frameworks */ = {isa = PBXBuildFile; fileRef = CCFAEAA81B00ED9A00AED8D5 /* libstdc++.6.0.9.dylib */; };
		CCFAEAAB1B00EDAB00AED8D5 /* CFNetwork.framework in Frameworks */ = {isa = PBXBuildFile; fileRef = CCFAEAAA1B00EDAB00AED8D5 /* CFNetwork.framework */; };
		CCFAEAAD1B00EDBD00AED8D5 /* MobileCoreServices.framework in Frameworks */ = {isa = PBXBuildFile; fileRef = CCFAEAAC1B00EDBD00AED8D5 /* MobileCoreServices.framework */; };
		CCFAEAAF1B00EDE200AED8D5 /* libiconv.dylib in Frameworks */ = {isa = PBXBuildFile; fileRef = CCFAEAAE1B00EDE200AED8D5 /* libiconv.dylib */; };
		CCFAEAB11B00EDF600AED8D5 /* libxml2.dylib in Frameworks */ = {isa = PBXBuildFile; fileRef = CCFAEAB01B00EDF600AED8D5 /* libxml2.dylib */; };
		CCFAEAB31B00EE0700AED8D5 /* libsqlite3.dylib in Frameworks */ = {isa = PBXBuildFile; fileRef = CCFAEAB21B00EE0700AED8D5 /* libsqlite3.dylib */; };
		CCFAEAB51B00EE1D00AED8D5 /* AVFoundation.framework in Frameworks */ = {isa = PBXBuildFile; fileRef = CCFAEAB41B00EE1D00AED8D5 /* AVFoundation.framework */; };
		CCFAEAB71B00EE2F00AED8D5 /* MessageUI.framework in Frameworks */ = {isa = PBXBuildFile; fileRef = CCFAEAB61B00EE2F00AED8D5 /* MessageUI.framework */; };
		CCFAEAB91B00EED800AED8D5 /* AudioToolbox.framework in Frameworks */ = {isa = PBXBuildFile; fileRef = CCFAEAB81B00EED800AED8D5 /* AudioToolbox.framework */; };
		CCFAEABB1B00EF0C00AED8D5 /* CoreTelephony.framework in Frameworks */ = {isa = PBXBuildFile; fileRef = CCFAEABA1B00EF0C00AED8D5 /* CoreTelephony.framework */; };
		CCFAEABD1B00EF2000AED8D5 /* libz.dylib in Frameworks */ = {isa = PBXBuildFile; fileRef = CCFAEABC1B00EF2000AED8D5 /* libz.dylib */; };
		CCFAEABF1B00EF4800AED8D5 /* libstdc++.dylib in Frameworks */ = {isa = PBXBuildFile; fileRef = CCFAEABE1B00EF4800AED8D5 /* libstdc++.dylib */; };
		CCFAEAC11B00EF6300AED8D5 /* libicucore.dylib in Frameworks */ = {isa = PBXBuildFile; fileRef = CCFAEAC01B00EF6300AED8D5 /* libicucore.dylib */; };
		CCFAEAC81B0182C600AED8D5 /* doDataFs.m in Sources */ = {isa = PBXBuildFile; fileRef = CCFAEAC71B0182C600AED8D5 /* doDataFs.m */; };
		CCFAEAFF1B0321E300AED8D5 /* do_Test.json in Resources */ = {isa = PBXBuildFile; fileRef = CCFAEAF31B02F8DD00AED8D5 /* do_Test.json */; };
		CCFAEB2D1B04416400AED8D5 /* do_TencentWX_App.m in Sources */ = {isa = PBXBuildFile; fileRef = CCFAEB251B04416300AED8D5 /* do_TencentWX_App.m */; };
		CCFAEB2E1B04416400AED8D5 /* do_TencentWX_SM.m in Sources */ = {isa = PBXBuildFile; fileRef = CCFAEB281B04416300AED8D5 /* do_TencentWX_SM.m */; };
		CCFAEB301B04461B00AED8D5 /* do_TencentWX_App.h in CopyFiles */ = {isa = PBXBuildFile; fileRef = CCFAEB241B04416300AED8D5 /* do_TencentWX_App.h */; };
		CCFAEB311B04461C00AED8D5 /* do_TencentWX_SM.h in CopyFiles */ = {isa = PBXBuildFile; fileRef = CCFAEB271B04416300AED8D5 /* do_TencentWX_SM.h */; };
		CCFAEB331B044BB400AED8D5 /* do_TencentWX_App.m in Sources */ = {isa = PBXBuildFile; fileRef = CCFAEB251B04416300AED8D5 /* do_TencentWX_App.m */; };
		CCFAEB341B044BB400AED8D5 /* do_TencentWX_SM.m in Sources */ = {isa = PBXBuildFile; fileRef = CCFAEB281B04416300AED8D5 /* do_TencentWX_SM.m */; };
		CCFAEB391B046AC000AED8D5 /* doModuleFactory.m in Sources */ = {isa = PBXBuildFile; fileRef = CCFAEB381B046AC000AED8D5 /* doModuleFactory.m */; };
/* End PBXBuildFile section */

/* Begin PBXCopyFilesBuildPhase section */
		A44BC7B01AEE19CC001580AA /* CopyFiles */ = {
			isa = PBXCopyFilesBuildPhase;
			buildActionMask = 2147483647;
			dstPath = "";
			dstSubfolderSpec = 16;
			files = (
				CCFAEB301B04461B00AED8D5 /* do_TencentWX_App.h in CopyFiles */,
				CCFAEB311B04461C00AED8D5 /* do_TencentWX_SM.h in CopyFiles */,
			);
			runOnlyForDeploymentPostprocessing = 0;
		};
/* End PBXCopyFilesBuildPhase section */

/* Begin PBXFileReference section */
		3B6E3B3A1CFD2B32009A9478 /* libWeChatSDK.a */ = {isa = PBXFileReference; lastKnownFileType = archive.ar; path = libWeChatSDK.a; sourceTree = "<group>"; };
		3B6E3B3B1CFD2B32009A9478 /* README.txt */ = {isa = PBXFileReference; fileEncoding = 4; lastKnownFileType = text; path = README.txt; sourceTree = "<group>"; };
		3B6E3B3C1CFD2B32009A9478 /* WechatAuthSDK.h */ = {isa = PBXFileReference; fileEncoding = 4; lastKnownFileType = sourcecode.c.h; path = WechatAuthSDK.h; sourceTree = "<group>"; };
		3B6E3B3D1CFD2B32009A9478 /* WXApi.h */ = {isa = PBXFileReference; fileEncoding = 4; lastKnownFileType = sourcecode.c.h; path = WXApi.h; sourceTree = "<group>"; };
		3B6E3B3E1CFD2B32009A9478 /* WXApiObject.h */ = {isa = PBXFileReference; fileEncoding = 4; lastKnownFileType = sourcecode.c.h; path = WXApiObject.h; sourceTree = "<group>"; };
		A44BC66A1AEE005E001580AA /* Do_Test.app */ = {isa = PBXFileReference; explicitFileType = wrapper.application; includeInIndex = 0; path = Do_Test.app; sourceTree = BUILT_PRODUCTS_DIR; };
		A44BC66E1AEE005E001580AA /* Info.plist */ = {isa = PBXFileReference; lastKnownFileType = text.plist.xml; path = Info.plist; sourceTree = "<group>"; };
		A44BC66F1AEE005E001580AA /* main.m */ = {isa = PBXFileReference; lastKnownFileType = sourcecode.c.objc; path = main.m; sourceTree = "<group>"; };
		A44BC6711AEE005E001580AA /* AppDelegate.h */ = {isa = PBXFileReference; lastKnownFileType = sourcecode.c.h; path = AppDelegate.h; sourceTree = "<group>"; };
		A44BC6721AEE005E001580AA /* AppDelegate.m */ = {isa = PBXFileReference; lastKnownFileType = sourcecode.c.objc; path = AppDelegate.m; sourceTree = "<group>"; };
		A44BC6741AEE005E001580AA /* ViewController.h */ = {isa = PBXFileReference; lastKnownFileType = sourcecode.c.h; path = ViewController.h; sourceTree = "<group>"; };
		A44BC6751AEE005E001580AA /* ViewController.m */ = {isa = PBXFileReference; lastKnownFileType = sourcecode.c.objc; path = ViewController.m; sourceTree = "<group>"; };
		A44BC67A1AEE005E001580AA /* Images.xcassets */ = {isa = PBXFileReference; lastKnownFileType = folder.assetcatalog; path = Images.xcassets; sourceTree = "<group>"; };
		A44BC67D1AEE005E001580AA /* Base */ = {isa = PBXFileReference; lastKnownFileType = file.xib; name = Base; path = Base.lproj/LaunchScreen.xib; sourceTree = "<group>"; };
		A44BC6941AEE008D001580AA /* doApp.h */ = {isa = PBXFileReference; fileEncoding = 4; lastKnownFileType = sourcecode.c.h; path = doApp.h; sourceTree = "<group>"; };
		A44BC6951AEE008D001580AA /* doApp.m */ = {isa = PBXFileReference; fileEncoding = 4; lastKnownFileType = sourcecode.c.objc; path = doApp.m; sourceTree = "<group>"; };
		A44BC6961AEE008D001580AA /* doIEventCallBack.h */ = {isa = PBXFileReference; fileEncoding = 4; lastKnownFileType = sourcecode.c.h; path = doIEventCallBack.h; sourceTree = "<group>"; };
		A44BC6971AEE008D001580AA /* doLogEngine.h */ = {isa = PBXFileReference; fileEncoding = 4; lastKnownFileType = sourcecode.c.h; path = doLogEngine.h; sourceTree = "<group>"; };
		A44BC6981AEE008D001580AA /* doLogEngine.m */ = {isa = PBXFileReference; fileEncoding = 4; lastKnownFileType = sourcecode.c.objc; path = doLogEngine.m; sourceTree = "<group>"; };
		A44BC6991AEE008D001580AA /* doPage.h */ = {isa = PBXFileReference; fileEncoding = 4; lastKnownFileType = sourcecode.c.h; path = doPage.h; sourceTree = "<group>"; };
		A44BC69A1AEE008D001580AA /* doPage.m */ = {isa = PBXFileReference; fileEncoding = 4; lastKnownFileType = sourcecode.c.objc; path = doPage.m; sourceTree = "<group>"; };
		A44BC69B1AEE008D001580AA /* doScriptEngine.h */ = {isa = PBXFileReference; fileEncoding = 4; lastKnownFileType = sourcecode.c.h; path = doScriptEngine.h; sourceTree = "<group>"; };
		A44BC69C1AEE008D001580AA /* doScriptEngine.m */ = {isa = PBXFileReference; fileEncoding = 4; lastKnownFileType = sourcecode.c.objc; path = doScriptEngine.m; sourceTree = "<group>"; };
		A44BC69D1AEE008D001580AA /* doService.h */ = {isa = PBXFileReference; fileEncoding = 4; lastKnownFileType = sourcecode.c.h; path = doService.h; sourceTree = "<group>"; };
		A44BC69E1AEE008D001580AA /* doService.m */ = {isa = PBXFileReference; fileEncoding = 4; lastKnownFileType = sourcecode.c.objc; path = doService.m; sourceTree = "<group>"; };
		A44BC7B21AEE19CC001580AA /* libdoTencentWXLib.a */ = {isa = PBXFileReference; explicitFileType = archive.ar; includeInIndex = 0; path = libdoTencentWXLib.a; sourceTree = BUILT_PRODUCTS_DIR; };
		CCFAEA231B00322400AED8D5 /* doAssetLaunchImage.h */ = {isa = PBXFileReference; fileEncoding = 4; lastKnownFileType = sourcecode.c.h; path = doAssetLaunchImage.h; sourceTree = "<group>"; };
		CCFAEA241B00322400AED8D5 /* doCallBackTask.h */ = {isa = PBXFileReference; fileEncoding = 4; lastKnownFileType = sourcecode.c.h; path = doCallBackTask.h; sourceTree = "<group>"; };
		CCFAEA251B00322400AED8D5 /* doDefines.h */ = {isa = PBXFileReference; fileEncoding = 4; lastKnownFileType = sourcecode.c.h; path = doDefines.h; sourceTree = "<group>"; };
		CCFAEA261B00322400AED8D5 /* doEventCenter.h */ = {isa = PBXFileReference; fileEncoding = 4; lastKnownFileType = sourcecode.c.h; path = doEventCenter.h; sourceTree = "<group>"; };
		CCFAEA271B00322400AED8D5 /* doEventCollection.h */ = {isa = PBXFileReference; fileEncoding = 4; lastKnownFileType = sourcecode.c.h; path = doEventCollection.h; sourceTree = "<group>"; };
		CCFAEA281B00322400AED8D5 /* doFileCacheHelper.h */ = {isa = PBXFileReference; fileEncoding = 4; lastKnownFileType = sourcecode.c.h; path = doFileCacheHelper.h; sourceTree = "<group>"; };
		CCFAEA291B00322400AED8D5 /* doIAnimation.h */ = {isa = PBXFileReference; fileEncoding = 4; lastKnownFileType = sourcecode.c.h; path = doIAnimation.h; sourceTree = "<group>"; };
		CCFAEA2A1B00322400AED8D5 /* doIApp.h */ = {isa = PBXFileReference; fileEncoding = 4; lastKnownFileType = sourcecode.c.h; path = doIApp.h; sourceTree = "<group>"; };
		CCFAEA2B1B00322400AED8D5 /* doIAppDelegate.h */ = {isa = PBXFileReference; fileEncoding = 4; lastKnownFileType = sourcecode.c.h; path = doIAppDelegate.h; sourceTree = "<group>"; };
		CCFAEA2C1B00322400AED8D5 /* doIConfig.h */ = {isa = PBXFileReference; fileEncoding = 4; lastKnownFileType = sourcecode.c.h; path = doIConfig.h; sourceTree = "<group>"; };
		CCFAEA2D1B00322400AED8D5 /* doIDataFS.h */ = {isa = PBXFileReference; fileEncoding = 4; lastKnownFileType = sourcecode.c.h; path = doIDataFS.h; sourceTree = "<group>"; };
		CCFAEA2E1B00322400AED8D5 /* doIDataSource.h */ = {isa = PBXFileReference; fileEncoding = 4; lastKnownFileType = sourcecode.c.h; path = doIDataSource.h; sourceTree = "<group>"; };
		CCFAEA2F1B00322400AED8D5 /* doIGlobal.h */ = {isa = PBXFileReference; fileEncoding = 4; lastKnownFileType = sourcecode.c.h; path = doIGlobal.h; sourceTree = "<group>"; };
		CCFAEA301B00322400AED8D5 /* doIHashData.h */ = {isa = PBXFileReference; fileEncoding = 4; lastKnownFileType = sourcecode.c.h; path = doIHashData.h; sourceTree = "<group>"; };
		CCFAEA311B00322400AED8D5 /* doIHtmlJavaScript.h */ = {isa = PBXFileReference; fileEncoding = 4; lastKnownFileType = sourcecode.c.h; path = doIHtmlJavaScript.h; sourceTree = "<group>"; };
		CCFAEA321B00322400AED8D5 /* doII18NEngine.h */ = {isa = PBXFileReference; fileEncoding = 4; lastKnownFileType = sourcecode.c.h; path = doII18NEngine.h; sourceTree = "<group>"; };
		CCFAEA331B00322400AED8D5 /* doIListData.h */ = {isa = PBXFileReference; fileEncoding = 4; lastKnownFileType = sourcecode.c.h; path = doIListData.h; sourceTree = "<group>"; };
		CCFAEA341B00322400AED8D5 /* doILogEngine.h */ = {isa = PBXFileReference; fileEncoding = 4; lastKnownFileType = sourcecode.c.h; path = doILogEngine.h; sourceTree = "<group>"; };
		CCFAEA351B00322400AED8D5 /* doIModuleExtManage.h */ = {isa = PBXFileReference; fileEncoding = 4; lastKnownFileType = sourcecode.c.h; path = doIModuleExtManage.h; sourceTree = "<group>"; };
		CCFAEA361B00322400AED8D5 /* doIMultitonModuleFactory.h */ = {isa = PBXFileReference; fileEncoding = 4; lastKnownFileType = sourcecode.c.h; path = doIMultitonModuleFactory.h; sourceTree = "<group>"; };
		CCFAEA371B00322400AED8D5 /* doIMultitonModuleGroup.h */ = {isa = PBXFileReference; fileEncoding = 4; lastKnownFileType = sourcecode.c.h; path = doIMultitonModuleGroup.h; sourceTree = "<group>"; };
		CCFAEA381B00322400AED8D5 /* doInvokeResult.h */ = {isa = PBXFileReference; fileEncoding = 4; lastKnownFileType = sourcecode.c.h; path = doInvokeResult.h; sourceTree = "<group>"; };
		CCFAEA391B00322400AED8D5 /* doIOHelper.h */ = {isa = PBXFileReference; fileEncoding = 4; lastKnownFileType = sourcecode.c.h; path = doIOHelper.h; sourceTree = "<group>"; };
		CCFAEA3A1B00322400AED8D5 /* doIPage.h */ = {isa = PBXFileReference; fileEncoding = 4; lastKnownFileType = sourcecode.c.h; path = doIPage.h; sourceTree = "<group>"; };
		CCFAEA3B1B00322400AED8D5 /* doIPageFactory.h */ = {isa = PBXFileReference; fileEncoding = 4; lastKnownFileType = sourcecode.c.h; path = doIPageFactory.h; sourceTree = "<group>"; };
		CCFAEA3C1B00322400AED8D5 /* doIPageView.h */ = {isa = PBXFileReference; fileEncoding = 4; lastKnownFileType = sourcecode.c.h; path = doIPageView.h; sourceTree = "<group>"; };
		CCFAEA3D1B00322400AED8D5 /* doIPageViewFactory.h */ = {isa = PBXFileReference; fileEncoding = 4; lastKnownFileType = sourcecode.c.h; path = doIPageViewFactory.h; sourceTree = "<group>"; };
		CCFAEA3E1B00322400AED8D5 /* doIScriptEngine.h */ = {isa = PBXFileReference; fileEncoding = 4; lastKnownFileType = sourcecode.c.h; path = doIScriptEngine.h; sourceTree = "<group>"; };
		CCFAEA3F1B00322400AED8D5 /* doIScriptEngineFactory.h */ = {isa = PBXFileReference; fileEncoding = 4; lastKnownFileType = sourcecode.c.h; path = doIScriptEngineFactory.h; sourceTree = "<group>"; };
		CCFAEA401B00322400AED8D5 /* doIScriptEngineGroup.h */ = {isa = PBXFileReference; fileEncoding = 4; lastKnownFileType = sourcecode.c.h; path = doIScriptEngineGroup.h; sourceTree = "<group>"; };
		CCFAEA411B00322400AED8D5 /* doISingletonModuleFactory.h */ = {isa = PBXFileReference; fileEncoding = 4; lastKnownFileType = sourcecode.c.h; path = doISingletonModuleFactory.h; sourceTree = "<group>"; };
		CCFAEA421B00322400AED8D5 /* doISingletonModuleGroup.h */ = {isa = PBXFileReference; fileEncoding = 4; lastKnownFileType = sourcecode.c.h; path = doISingletonModuleGroup.h; sourceTree = "<group>"; };
		CCFAEA431B00322400AED8D5 /* doISourceFS.h */ = {isa = PBXFileReference; fileEncoding = 4; lastKnownFileType = sourcecode.c.h; path = doISourceFS.h; sourceTree = "<group>"; };
		CCFAEA441B00322400AED8D5 /* doIUIModuleFactory.h */ = {isa = PBXFileReference; fileEncoding = 4; lastKnownFileType = sourcecode.c.h; path = doIUIModuleFactory.h; sourceTree = "<group>"; };
		CCFAEA451B00322400AED8D5 /* doIUIModuleGroup.h */ = {isa = PBXFileReference; fileEncoding = 4; lastKnownFileType = sourcecode.c.h; path = doIUIModuleGroup.h; sourceTree = "<group>"; };
		CCFAEA461B00322400AED8D5 /* doIUIModuleView.h */ = {isa = PBXFileReference; fileEncoding = 4; lastKnownFileType = sourcecode.c.h; path = doIUIModuleView.h; sourceTree = "<group>"; };
		CCFAEA471B00322400AED8D5 /* doJsonHelper.h */ = {isa = PBXFileReference; fileEncoding = 4; lastKnownFileType = sourcecode.c.h; path = doJsonHelper.h; sourceTree = "<group>"; };
		CCFAEA481B00322400AED8D5 /* doModule.h */ = {isa = PBXFileReference; fileEncoding = 4; lastKnownFileType = sourcecode.c.h; path = doModule.h; sourceTree = "<group>"; };
		CCFAEA491B00322400AED8D5 /* doModuleBase.h */ = {isa = PBXFileReference; fileEncoding = 4; lastKnownFileType = sourcecode.c.h; path = doModuleBase.h; sourceTree = "<group>"; };
		CCFAEA4A1B00322400AED8D5 /* doMultitonModule.h */ = {isa = PBXFileReference; fileEncoding = 4; lastKnownFileType = sourcecode.c.h; path = doMultitonModule.h; sourceTree = "<group>"; };
		CCFAEA4B1B00322400AED8D5 /* doProperty.h */ = {isa = PBXFileReference; fileEncoding = 4; lastKnownFileType = sourcecode.c.h; path = doProperty.h; sourceTree = "<group>"; };
		CCFAEA4C1B00322400AED8D5 /* doScriptEngineHelper.h */ = {isa = PBXFileReference; fileEncoding = 4; lastKnownFileType = sourcecode.c.h; path = doScriptEngineHelper.h; sourceTree = "<group>"; };
		CCFAEA4D1B00322400AED8D5 /* doServiceContainer.h */ = {isa = PBXFileReference; fileEncoding = 4; lastKnownFileType = sourcecode.c.h; path = doServiceContainer.h; sourceTree = "<group>"; };
		CCFAEA4E1B00322400AED8D5 /* doSingletonModule.h */ = {isa = PBXFileReference; fileEncoding = 4; lastKnownFileType = sourcecode.c.h; path = doSingletonModule.h; sourceTree = "<group>"; };
		CCFAEA4F1B00322400AED8D5 /* doSingletonModuleHelper.h */ = {isa = PBXFileReference; fileEncoding = 4; lastKnownFileType = sourcecode.c.h; path = doSingletonModuleHelper.h; sourceTree = "<group>"; };
		CCFAEA501B00322400AED8D5 /* doSourceFile.h */ = {isa = PBXFileReference; fileEncoding = 4; lastKnownFileType = sourcecode.c.h; path = doSourceFile.h; sourceTree = "<group>"; };
		CCFAEA511B00322400AED8D5 /* doStack.h */ = {isa = PBXFileReference; fileEncoding = 4; lastKnownFileType = sourcecode.c.h; path = doStack.h; sourceTree = "<group>"; };
		CCFAEA521B00322400AED8D5 /* doTextHelper.h */ = {isa = PBXFileReference; fileEncoding = 4; lastKnownFileType = sourcecode.c.h; path = doTextHelper.h; sourceTree = "<group>"; };
		CCFAEA531B00322400AED8D5 /* doUIContainer.h */ = {isa = PBXFileReference; fileEncoding = 4; lastKnownFileType = sourcecode.c.h; path = doUIContainer.h; sourceTree = "<group>"; };
		CCFAEA541B00322400AED8D5 /* doUIModule.h */ = {isa = PBXFileReference; fileEncoding = 4; lastKnownFileType = sourcecode.c.h; path = doUIModule.h; sourceTree = "<group>"; };
		CCFAEA551B00322400AED8D5 /* doUIModuleCollection.h */ = {isa = PBXFileReference; fileEncoding = 4; lastKnownFileType = sourcecode.c.h; path = doUIModuleCollection.h; sourceTree = "<group>"; };
		CCFAEA561B00322400AED8D5 /* doUIModuleHelper.h */ = {isa = PBXFileReference; fileEncoding = 4; lastKnownFileType = sourcecode.c.h; path = doUIModuleHelper.h; sourceTree = "<group>"; };
		CCFAEA571B00322400AED8D5 /* NSData+DoBase64.h */ = {isa = PBXFileReference; fileEncoding = 4; lastKnownFileType = sourcecode.c.h; path = "NSData+DoBase64.h"; sourceTree = "<group>"; };
		CCFAEA581B00322400AED8D5 /* libDoCore.a */ = {isa = PBXFileReference; lastKnownFileType = archive.ar; path = libDoCore.a; sourceTree = "<group>"; };
		CCFAEA901B00B16A00AED8D5 /* doPageViewFactory.h */ = {isa = PBXFileReference; fileEncoding = 4; lastKnownFileType = sourcecode.c.h; path = doPageViewFactory.h; sourceTree = "<group>"; };
		CCFAEA911B00B16A00AED8D5 /* doPageViewFactory.m */ = {isa = PBXFileReference; fileEncoding = 4; lastKnownFileType = sourcecode.c.objc; path = doPageViewFactory.m; sourceTree = "<group>"; };
		CCFAEA981B00ECD800AED8D5 /* ImageIO.framework */ = {isa = PBXFileReference; lastKnownFileType = wrapper.framework; name = ImageIO.framework; path = System/Library/Frameworks/ImageIO.framework; sourceTree = SDKROOT; };
		CCFAEA9A1B00ECF400AED8D5 /* Security.framework */ = {isa = PBXFileReference; lastKnownFileType = wrapper.framework; name = Security.framework; path = System/Library/Frameworks/Security.framework; sourceTree = SDKROOT; };
		CCFAEA9C1B00ED1C00AED8D5 /* CoreGraphics.framework */ = {isa = PBXFileReference; lastKnownFileType = wrapper.framework; name = CoreGraphics.framework; path = System/Library/Frameworks/CoreGraphics.framework; sourceTree = SDKROOT; };
		CCFAEA9E1B00ED3000AED8D5 /* SystemConfiguration.framework */ = {isa = PBXFileReference; lastKnownFileType = wrapper.framework; name = SystemConfiguration.framework; path = System/Library/Frameworks/SystemConfiguration.framework; sourceTree = SDKROOT; };
		CCFAEAA01B00ED4600AED8D5 /* OpenGLES.framework */ = {isa = PBXFileReference; lastKnownFileType = wrapper.framework; name = OpenGLES.framework; path = System/Library/Frameworks/OpenGLES.framework; sourceTree = SDKROOT; };
		CCFAEAA21B00ED5800AED8D5 /* QuartzCore.framework */ = {isa = PBXFileReference; lastKnownFileType = wrapper.framework; name = QuartzCore.framework; path = System/Library/Frameworks/QuartzCore.framework; sourceTree = SDKROOT; };
		CCFAEAA41B00ED6B00AED8D5 /* CoreLocation.framework */ = {isa = PBXFileReference; lastKnownFileType = wrapper.framework; name = CoreLocation.framework; path = System/Library/Frameworks/CoreLocation.framework; sourceTree = SDKROOT; };
		CCFAEAA61B00ED8700AED8D5 /* libresolv.dylib */ = {isa = PBXFileReference; lastKnownFileType = "compiled.mach-o.dylib"; name = libresolv.dylib; path = usr/lib/libresolv.dylib; sourceTree = SDKROOT; };
		CCFAEAA81B00ED9A00AED8D5 /* libstdc++.6.0.9.dylib */ = {isa = PBXFileReference; lastKnownFileType = "compiled.mach-o.dylib"; name = "libstdc++.6.0.9.dylib"; path = "usr/lib/libstdc++.6.0.9.dylib"; sourceTree = SDKROOT; };
		CCFAEAAA1B00EDAB00AED8D5 /* CFNetwork.framework */ = {isa = PBXFileReference; lastKnownFileType = wrapper.framework; name = CFNetwork.framework; path = System/Library/Frameworks/CFNetwork.framework; sourceTree = SDKROOT; };
		CCFAEAAC1B00EDBD00AED8D5 /* MobileCoreServices.framework */ = {isa = PBXFileReference; lastKnownFileType = wrapper.framework; name = MobileCoreServices.framework; path = System/Library/Frameworks/MobileCoreServices.framework; sourceTree = SDKROOT; };
		CCFAEAAE1B00EDE200AED8D5 /* libiconv.dylib */ = {isa = PBXFileReference; lastKnownFileType = "compiled.mach-o.dylib"; name = libiconv.dylib; path = usr/lib/libiconv.dylib; sourceTree = SDKROOT; };
		CCFAEAB01B00EDF600AED8D5 /* libxml2.dylib */ = {isa = PBXFileReference; lastKnownFileType = "compiled.mach-o.dylib"; name = libxml2.dylib; path = usr/lib/libxml2.dylib; sourceTree = SDKROOT; };
		CCFAEAB21B00EE0700AED8D5 /* libsqlite3.dylib */ = {isa = PBXFileReference; lastKnownFileType = "compiled.mach-o.dylib"; name = libsqlite3.dylib; path = usr/lib/libsqlite3.dylib; sourceTree = SDKROOT; };
		CCFAEAB41B00EE1D00AED8D5 /* AVFoundation.framework */ = {isa = PBXFileReference; lastKnownFileType = wrapper.framework; name = AVFoundation.framework; path = System/Library/Frameworks/AVFoundation.framework; sourceTree = SDKROOT; };
		CCFAEAB61B00EE2F00AED8D5 /* MessageUI.framework */ = {isa = PBXFileReference; lastKnownFileType = wrapper.framework; name = MessageUI.framework; path = System/Library/Frameworks/MessageUI.framework; sourceTree = SDKROOT; };
		CCFAEAB81B00EED800AED8D5 /* AudioToolbox.framework */ = {isa = PBXFileReference; lastKnownFileType = wrapper.framework; name = AudioToolbox.framework; path = System/Library/Frameworks/AudioToolbox.framework; sourceTree = SDKROOT; };
		CCFAEABA1B00EF0C00AED8D5 /* CoreTelephony.framework */ = {isa = PBXFileReference; lastKnownFileType = wrapper.framework; name = CoreTelephony.framework; path = System/Library/Frameworks/CoreTelephony.framework; sourceTree = SDKROOT; };
		CCFAEABC1B00EF2000AED8D5 /* libz.dylib */ = {isa = PBXFileReference; lastKnownFileType = "compiled.mach-o.dylib"; name = libz.dylib; path = usr/lib/libz.dylib; sourceTree = SDKROOT; };
		CCFAEABE1B00EF4800AED8D5 /* libstdc++.dylib */ = {isa = PBXFileReference; lastKnownFileType = "compiled.mach-o.dylib"; name = "libstdc++.dylib"; path = "usr/lib/libstdc++.dylib"; sourceTree = SDKROOT; };
		CCFAEAC01B00EF6300AED8D5 /* libicucore.dylib */ = {isa = PBXFileReference; lastKnownFileType = "compiled.mach-o.dylib"; name = libicucore.dylib; path = usr/lib/libicucore.dylib; sourceTree = SDKROOT; };
		CCFAEAC21B00EF6A00AED8D5 /* JavaScriptCore.framework */ = {isa = PBXFileReference; lastKnownFileType = wrapper.framework; name = JavaScriptCore.framework; path = System/Library/Frameworks/JavaScriptCore.framework; sourceTree = SDKROOT; };
		CCFAEAC61B0182C600AED8D5 /* doDataFs.h */ = {isa = PBXFileReference; fileEncoding = 4; lastKnownFileType = sourcecode.c.h; path = doDataFs.h; sourceTree = "<group>"; };
		CCFAEAC71B0182C600AED8D5 /* doDataFs.m */ = {isa = PBXFileReference; fileEncoding = 4; lastKnownFileType = sourcecode.c.objc; path = doDataFs.m; sourceTree = "<group>"; };
		CCFAEAF31B02F8DD00AED8D5 /* do_Test.json */ = {isa = PBXFileReference; fileEncoding = 4; lastKnownFileType = text.json; path = do_Test.json; sourceTree = "<group>"; };
		CCFAEB241B04416300AED8D5 /* do_TencentWX_App.h */ = {isa = PBXFileReference; fileEncoding = 4; lastKnownFileType = sourcecode.c.h; path = do_TencentWX_App.h; sourceTree = "<group>"; };
		CCFAEB251B04416300AED8D5 /* do_TencentWX_App.m */ = {isa = PBXFileReference; fileEncoding = 4; lastKnownFileType = sourcecode.c.objc; path = do_TencentWX_App.m; sourceTree = "<group>"; };
		CCFAEB261B04416300AED8D5 /* do_TencentWX_ISM.h */ = {isa = PBXFileReference; fileEncoding = 4; lastKnownFileType = sourcecode.c.h; path = do_TencentWX_ISM.h; sourceTree = "<group>"; };
		CCFAEB271B04416300AED8D5 /* do_TencentWX_SM.h */ = {isa = PBXFileReference; fileEncoding = 4; lastKnownFileType = sourcecode.c.h; path = do_TencentWX_SM.h; sourceTree = "<group>"; };
		CCFAEB281B04416300AED8D5 /* do_TencentWX_SM.m */ = {isa = PBXFileReference; fileEncoding = 4; lastKnownFileType = sourcecode.c.objc; path = do_TencentWX_SM.m; sourceTree = "<group>"; };
		CCFAEB351B044BF200AED8D5 /* UIKit.framework */ = {isa = PBXFileReference; lastKnownFileType = wrapper.framework; name = UIKit.framework; path = System/Library/Frameworks/UIKit.framework; sourceTree = SDKROOT; };
		CCFAEB371B046AC000AED8D5 /* doModuleFactory.h */ = {isa = PBXFileReference; fileEncoding = 4; lastKnownFileType = sourcecode.c.h; path = doModuleFactory.h; sourceTree = "<group>"; };
		CCFAEB381B046AC000AED8D5 /* doModuleFactory.m */ = {isa = PBXFileReference; fileEncoding = 4; lastKnownFileType = sourcecode.c.objc; path = doModuleFactory.m; sourceTree = "<group>"; };
/* End PBXFileReference section */

/* Begin PBXFrameworksBuildPhase section */
		A44BC6671AEE005E001580AA /* Frameworks */ = {
			isa = PBXFrameworksBuildPhase;
			buildActionMask = 2147483647;
			files = (
				CCFAEAC11B00EF6300AED8D5 /* libicucore.dylib in Frameworks */,
				CCFAEABF1B00EF4800AED8D5 /* libstdc++.dylib in Frameworks */,
				CCFAEABD1B00EF2000AED8D5 /* libz.dylib in Frameworks */,
				CCFAEABB1B00EF0C00AED8D5 /* CoreTelephony.framework in Frameworks */,
				CCFAEAB91B00EED800AED8D5 /* AudioToolbox.framework in Frameworks */,
				CCFAEAB71B00EE2F00AED8D5 /* MessageUI.framework in Frameworks */,
				CCFAEAB51B00EE1D00AED8D5 /* AVFoundation.framework in Frameworks */,
				CCFAEAB31B00EE0700AED8D5 /* libsqlite3.dylib in Frameworks */,
				CCFAEAB11B00EDF600AED8D5 /* libxml2.dylib in Frameworks */,
				CCFAEAAF1B00EDE200AED8D5 /* libiconv.dylib in Frameworks */,
				CCFAEAAD1B00EDBD00AED8D5 /* MobileCoreServices.framework in Frameworks */,
				CCFAEAAB1B00EDAB00AED8D5 /* CFNetwork.framework in Frameworks */,
				CCFAEAA91B00ED9A00AED8D5 /* libstdc++.6.0.9.dylib in Frameworks */,
				CCFAEAA71B00ED8700AED8D5 /* libresolv.dylib in Frameworks */,
				CCFAEAA51B00ED6B00AED8D5 /* CoreLocation.framework in Frameworks */,
				CCFAEAA31B00ED5800AED8D5 /* QuartzCore.framework in Frameworks */,
				CCFAEAA11B00ED4600AED8D5 /* OpenGLES.framework in Frameworks */,
				CCFAEA9F1B00ED3000AED8D5 /* SystemConfiguration.framework in Frameworks */,
				CCFAEA9D1B00ED1C00AED8D5 /* CoreGraphics.framework in Frameworks */,
				CCFAEA9B1B00ECF400AED8D5 /* Security.framework in Frameworks */,
				CCFAEA991B00ECD800AED8D5 /* ImageIO.framework in Frameworks */,
				CCFAEA591B00322400AED8D5 /* libDoCore.a in Frameworks */,
			);
			runOnlyForDeploymentPostprocessing = 0;
		};
		A44BC7AF1AEE19CC001580AA /* Frameworks */ = {
			isa = PBXFrameworksBuildPhase;
			buildActionMask = 2147483647;
			files = (
				3B6E3B401CFD2B61009A9478 /* UIKit.framework in Frameworks */,
				3B6E3B3F1CFD2B32009A9478 /* libWeChatSDK.a in Frameworks */,
			);
			runOnlyForDeploymentPostprocessing = 0;
		};
/* End PBXFrameworksBuildPhase section */

/* Begin PBXGroup section */
		3B6E3B391CFD2B32009A9478 /* WXSDK */ = {
			isa = PBXGroup;
			children = (
				3B6E3B3A1CFD2B32009A9478 /* libWeChatSDK.a */,
				3B6E3B3B1CFD2B32009A9478 /* README.txt */,
				3B6E3B3C1CFD2B32009A9478 /* WechatAuthSDK.h */,
				3B6E3B3D1CFD2B32009A9478 /* WXApi.h */,
				3B6E3B3E1CFD2B32009A9478 /* WXApiObject.h */,
			);
			path = WXSDK;
			sourceTree = "<group>";
		};
		A44BC6611AEE005E001580AA = {
			isa = PBXGroup;
			children = (
				CCFAEAC51B00F00C00AED8D5 /* lib */,
				A44BC66C1AEE005E001580AA /* Do_Test */,
				A44BC7B31AEE19CD001580AA /* doExtLib */,
				A44BC66B1AEE005E001580AA /* Products */,
			);
			sourceTree = "<group>";
		};
		A44BC66B1AEE005E001580AA /* Products */ = {
			isa = PBXGroup;
			children = (
				A44BC66A1AEE005E001580AA /* Do_Test.app */,
				A44BC7B21AEE19CC001580AA /* libdoTencentWXLib.a */,
			);
			name = Products;
			sourceTree = "<group>";
		};
		A44BC66C1AEE005E001580AA /* Do_Test */ = {
			isa = PBXGroup;
			children = (
				A44BC6B41AEE00A2001580AA /* doCore */,
				A44BC6931AEE008D001580AA /* doFrame */,
				A44BC6711AEE005E001580AA /* AppDelegate.h */,
				A44BC6721AEE005E001580AA /* AppDelegate.m */,
				A44BC6741AEE005E001580AA /* ViewController.h */,
				A44BC6751AEE005E001580AA /* ViewController.m */,
				A44BC67A1AEE005E001580AA /* Images.xcassets */,
				A44BC67C1AEE005E001580AA /* LaunchScreen.xib */,
				A44BC66D1AEE005E001580AA /* Supporting Files */,
			);
			path = Do_Test;
			sourceTree = "<group>";
		};
		A44BC66D1AEE005E001580AA /* Supporting Files */ = {
			isa = PBXGroup;
			children = (
				A44BC66E1AEE005E001580AA /* Info.plist */,
				A44BC66F1AEE005E001580AA /* main.m */,
			);
			name = "Supporting Files";
			sourceTree = "<group>";
		};
		A44BC6931AEE008D001580AA /* doFrame */ = {
			isa = PBXGroup;
			children = (
				A44BC6941AEE008D001580AA /* doApp.h */,
				A44BC6951AEE008D001580AA /* doApp.m */,
				A44BC6961AEE008D001580AA /* doIEventCallBack.h */,
				A44BC6971AEE008D001580AA /* doLogEngine.h */,
				A44BC6981AEE008D001580AA /* doLogEngine.m */,
				A44BC6991AEE008D001580AA /* doPage.h */,
				A44BC69A1AEE008D001580AA /* doPage.m */,
				A44BC69B1AEE008D001580AA /* doScriptEngine.h */,
				A44BC69C1AEE008D001580AA /* doScriptEngine.m */,
				A44BC69D1AEE008D001580AA /* doService.h */,
				A44BC69E1AEE008D001580AA /* doService.m */,
				CCFAEA901B00B16A00AED8D5 /* doPageViewFactory.h */,
				CCFAEA911B00B16A00AED8D5 /* doPageViewFactory.m */,
				CCFAEAC61B0182C600AED8D5 /* doDataFs.h */,
				CCFAEAC71B0182C600AED8D5 /* doDataFs.m */,
				CCFAEB371B046AC000AED8D5 /* doModuleFactory.h */,
				CCFAEB381B046AC000AED8D5 /* doModuleFactory.m */,
			);
			path = doFrame;
			sourceTree = "<group>";
		};
		A44BC6B41AEE00A2001580AA /* doCore */ = {
			isa = PBXGroup;
			children = (
				CCFAEA221B00322400AED8D5 /* Header */,
				CCFAEA581B00322400AED8D5 /* libDoCore.a */,
			);
			path = doCore;
			sourceTree = "<group>";
		};
		A44BC7B31AEE19CD001580AA /* doExtLib */ = {
			isa = PBXGroup;
			children = (
				3B6E3B391CFD2B32009A9478 /* WXSDK */,
				CCFAEB241B04416300AED8D5 /* do_TencentWX_App.h */,
				CCFAEB251B04416300AED8D5 /* do_TencentWX_App.m */,
				CCFAEB261B04416300AED8D5 /* do_TencentWX_ISM.h */,
				CCFAEB271B04416300AED8D5 /* do_TencentWX_SM.h */,
				CCFAEB281B04416300AED8D5 /* do_TencentWX_SM.m */,
				CCFAEAF31B02F8DD00AED8D5 /* do_Test.json */,
			);
			path = doExtLib;
			sourceTree = "<group>";
		};
		CCFAEA221B00322400AED8D5 /* Header */ = {
			isa = PBXGroup;
			children = (
				CCFAEA231B00322400AED8D5 /* doAssetLaunchImage.h */,
				CCFAEA241B00322400AED8D5 /* doCallBackTask.h */,
				CCFAEA251B00322400AED8D5 /* doDefines.h */,
				CCFAEA261B00322400AED8D5 /* doEventCenter.h */,
				CCFAEA271B00322400AED8D5 /* doEventCollection.h */,
				CCFAEA281B00322400AED8D5 /* doFileCacheHelper.h */,
				CCFAEA291B00322400AED8D5 /* doIAnimation.h */,
				CCFAEA2A1B00322400AED8D5 /* doIApp.h */,
				CCFAEA2B1B00322400AED8D5 /* doIAppDelegate.h */,
				CCFAEA2C1B00322400AED8D5 /* doIConfig.h */,
				CCFAEA2D1B00322400AED8D5 /* doIDataFS.h */,
				CCFAEA2E1B00322400AED8D5 /* doIDataSource.h */,
				CCFAEA2F1B00322400AED8D5 /* doIGlobal.h */,
				CCFAEA301B00322400AED8D5 /* doIHashData.h */,
				CCFAEA311B00322400AED8D5 /* doIHtmlJavaScript.h */,
				CCFAEA321B00322400AED8D5 /* doII18NEngine.h */,
				CCFAEA331B00322400AED8D5 /* doIListData.h */,
				CCFAEA341B00322400AED8D5 /* doILogEngine.h */,
				CCFAEA351B00322400AED8D5 /* doIModuleExtManage.h */,
				CCFAEA361B00322400AED8D5 /* doIMultitonModuleFactory.h */,
				CCFAEA371B00322400AED8D5 /* doIMultitonModuleGroup.h */,
				CCFAEA381B00322400AED8D5 /* doInvokeResult.h */,
				CCFAEA391B00322400AED8D5 /* doIOHelper.h */,
				CCFAEA3A1B00322400AED8D5 /* doIPage.h */,
				CCFAEA3B1B00322400AED8D5 /* doIPageFactory.h */,
				CCFAEA3C1B00322400AED8D5 /* doIPageView.h */,
				CCFAEA3D1B00322400AED8D5 /* doIPageViewFactory.h */,
				CCFAEA3E1B00322400AED8D5 /* doIScriptEngine.h */,
				CCFAEA3F1B00322400AED8D5 /* doIScriptEngineFactory.h */,
				CCFAEA401B00322400AED8D5 /* doIScriptEngineGroup.h */,
				CCFAEA411B00322400AED8D5 /* doISingletonModuleFactory.h */,
				CCFAEA421B00322400AED8D5 /* doISingletonModuleGroup.h */,
				CCFAEA431B00322400AED8D5 /* doISourceFS.h */,
				CCFAEA441B00322400AED8D5 /* doIUIModuleFactory.h */,
				CCFAEA451B00322400AED8D5 /* doIUIModuleGroup.h */,
				CCFAEA461B00322400AED8D5 /* doIUIModuleView.h */,
				CCFAEA471B00322400AED8D5 /* doJsonHelper.h */,
				CCFAEA481B00322400AED8D5 /* doModule.h */,
				CCFAEA491B00322400AED8D5 /* doModuleBase.h */,
				CCFAEA4A1B00322400AED8D5 /* doMultitonModule.h */,
				CCFAEA4B1B00322400AED8D5 /* doProperty.h */,
				CCFAEA4C1B00322400AED8D5 /* doScriptEngineHelper.h */,
				CCFAEA4D1B00322400AED8D5 /* doServiceContainer.h */,
				CCFAEA4E1B00322400AED8D5 /* doSingletonModule.h */,
				CCFAEA4F1B00322400AED8D5 /* doSingletonModuleHelper.h */,
				CCFAEA501B00322400AED8D5 /* doSourceFile.h */,
				CCFAEA511B00322400AED8D5 /* doStack.h */,
				CCFAEA521B00322400AED8D5 /* doTextHelper.h */,
				CCFAEA531B00322400AED8D5 /* doUIContainer.h */,
				CCFAEA541B00322400AED8D5 /* doUIModule.h */,
				CCFAEA551B00322400AED8D5 /* doUIModuleCollection.h */,
				CCFAEA561B00322400AED8D5 /* doUIModuleHelper.h */,
				CCFAEA571B00322400AED8D5 /* NSData+DoBase64.h */,
			);
			path = Header;
			sourceTree = "<group>";
		};
		CCFAEAC51B00F00C00AED8D5 /* lib */ = {
			isa = PBXGroup;
			children = (
				CCFAEB351B044BF200AED8D5 /* UIKit.framework */,
				CCFAEAC21B00EF6A00AED8D5 /* JavaScriptCore.framework */,
				CCFAEAC01B00EF6300AED8D5 /* libicucore.dylib */,
				CCFAEABE1B00EF4800AED8D5 /* libstdc++.dylib */,
				CCFAEABC1B00EF2000AED8D5 /* libz.dylib */,
				CCFAEABA1B00EF0C00AED8D5 /* CoreTelephony.framework */,
				CCFAEAB81B00EED800AED8D5 /* AudioToolbox.framework */,
				CCFAEAB61B00EE2F00AED8D5 /* MessageUI.framework */,
				CCFAEAB41B00EE1D00AED8D5 /* AVFoundation.framework */,
				CCFAEAB21B00EE0700AED8D5 /* libsqlite3.dylib */,
				CCFAEAB01B00EDF600AED8D5 /* libxml2.dylib */,
				CCFAEAAE1B00EDE200AED8D5 /* libiconv.dylib */,
				CCFAEAAC1B00EDBD00AED8D5 /* MobileCoreServices.framework */,
				CCFAEAAA1B00EDAB00AED8D5 /* CFNetwork.framework */,
				CCFAEAA81B00ED9A00AED8D5 /* libstdc++.6.0.9.dylib */,
				CCFAEAA61B00ED8700AED8D5 /* libresolv.dylib */,
				CCFAEAA41B00ED6B00AED8D5 /* CoreLocation.framework */,
				CCFAEAA21B00ED5800AED8D5 /* QuartzCore.framework */,
				CCFAEAA01B00ED4600AED8D5 /* OpenGLES.framework */,
				CCFAEA9E1B00ED3000AED8D5 /* SystemConfiguration.framework */,
				CCFAEA9C1B00ED1C00AED8D5 /* CoreGraphics.framework */,
				CCFAEA9A1B00ECF400AED8D5 /* Security.framework */,
				CCFAEA981B00ECD800AED8D5 /* ImageIO.framework */,
			);
			name = lib;
			sourceTree = "<group>";
		};
/* End PBXGroup section */

/* Begin PBXNativeTarget section */
		A44BC6691AEE005E001580AA /* Do_Test */ = {
			isa = PBXNativeTarget;
			buildConfigurationList = A44BC68D1AEE005F001580AA /* Build configuration list for PBXNativeTarget "Do_Test" */;
			buildPhases = (
				A44BC6661AEE005E001580AA /* Sources */,
				A44BC6671AEE005E001580AA /* Frameworks */,
				A44BC6681AEE005E001580AA /* Resources */,
			);
			buildRules = (
			);
			dependencies = (
			);
			name = Do_Test;
			productName = Do_Test;
			productReference = A44BC66A1AEE005E001580AA /* Do_Test.app */;
			productType = "com.apple.product-type.application";
		};
		A44BC7B11AEE19CC001580AA /* doTencentWXLib */ = {
			isa = PBXNativeTarget;
			buildConfigurationList = A44BC7C71AEE19CD001580AA /* Build configuration list for PBXNativeTarget "doTencentWXLib" */;
			buildPhases = (
				A44BC7AE1AEE19CC001580AA /* Sources */,
				A44BC7AF1AEE19CC001580AA /* Frameworks */,
				A44BC7B01AEE19CC001580AA /* CopyFiles */,
			);
			buildRules = (
			);
			dependencies = (
			);
			name = doTencentWXLib;
			productName = doExtLib;
			productReference = A44BC7B21AEE19CC001580AA /* libdoTencentWXLib.a */;
			productType = "com.apple.product-type.library.static";
		};
/* End PBXNativeTarget section */

/* Begin PBXProject section */
		A44BC6621AEE005E001580AA /* Project object */ = {
			isa = PBXProject;
			attributes = {
				LastUpgradeCheck = 0610;
				ORGANIZATIONNAME = DoExt;
				TargetAttributes = {
					A44BC6691AEE005E001580AA = {
						CreatedOnToolsVersion = 6.1;
					};
					A44BC7B11AEE19CC001580AA = {
						CreatedOnToolsVersion = 6.1;
					};
				};
			};
			buildConfigurationList = A44BC6651AEE005E001580AA /* Build configuration list for PBXProject "Do_Test" */;
			compatibilityVersion = "Xcode 3.2";
			developmentRegion = English;
			hasScannedForEncodings = 0;
			knownRegions = (
				en,
				Base,
			);
			mainGroup = A44BC6611AEE005E001580AA;
			productRefGroup = A44BC66B1AEE005E001580AA /* Products */;
			projectDirPath = "";
			projectRoot = "";
			targets = (
				A44BC6691AEE005E001580AA /* Do_Test */,
				A44BC7B11AEE19CC001580AA /* doTencentWXLib */,
			);
		};
/* End PBXProject section */

/* Begin PBXResourcesBuildPhase section */
		A44BC6681AEE005E001580AA /* Resources */ = {
			isa = PBXResourcesBuildPhase;
			buildActionMask = 2147483647;
			files = (
				3B49DFEE1B0DBBF000091FD9 /* do_TencentWX_App.h in Resources */,
				3B49DFEF1B0DBBF000091FD9 /* do_TencentWX_ISM.h in Resources */,
				3B49DFF01B0DBBF000091FD9 /* do_TencentWX_SM.h in Resources */,
				CCFAEAFF1B0321E300AED8D5 /* do_Test.json in Resources */,
				A44BC67B1AEE005E001580AA /* Images.xcassets in Resources */,
			);
			runOnlyForDeploymentPostprocessing = 0;
		};
/* End PBXResourcesBuildPhase section */

/* Begin PBXSourcesBuildPhase section */
		A44BC6661AEE005E001580AA /* Sources */ = {
			isa = PBXSourcesBuildPhase;
			buildActionMask = 2147483647;
			files = (
				CCFAEB331B044BB400AED8D5 /* do_TencentWX_App.m in Sources */,
				CCFAEB341B044BB400AED8D5 /* do_TencentWX_SM.m in Sources */,
				A44BC6761AEE005E001580AA /* ViewController.m in Sources */,
				A44BC6A01AEE008D001580AA /* doLogEngine.m in Sources */,
				CCFAEAC81B0182C600AED8D5 /* doDataFs.m in Sources */,
				CCFAEA921B00B16A00AED8D5 /* doPageViewFactory.m in Sources */,
				A44BC6A31AEE008D001580AA /* doService.m in Sources */,
				CCFAEB391B046AC000AED8D5 /* doModuleFactory.m in Sources */,
				A44BC6731AEE005E001580AA /* AppDelegate.m in Sources */,
				A44BC6A11AEE008D001580AA /* doPage.m in Sources */,
				A44BC69F1AEE008D001580AA /* doApp.m in Sources */,
				A44BC6701AEE005E001580AA /* main.m in Sources */,
				A44BC6A21AEE008D001580AA /* doScriptEngine.m in Sources */,
			);
			runOnlyForDeploymentPostprocessing = 0;
		};
		A44BC7AE1AEE19CC001580AA /* Sources */ = {
			isa = PBXSourcesBuildPhase;
			buildActionMask = 2147483647;
			files = (
				CCFAEB2D1B04416400AED8D5 /* do_TencentWX_App.m in Sources */,
				CCFAEB2E1B04416400AED8D5 /* do_TencentWX_SM.m in Sources */,
			);
			runOnlyForDeploymentPostprocessing = 0;
		};
/* End PBXSourcesBuildPhase section */

/* Begin PBXVariantGroup section */
		A44BC67C1AEE005E001580AA /* LaunchScreen.xib */ = {
			isa = PBXVariantGroup;
			children = (
				A44BC67D1AEE005E001580AA /* Base */,
			);
			name = LaunchScreen.xib;
			sourceTree = "<group>";
		};
/* End PBXVariantGroup section */

/* Begin XCBuildConfiguration section */
		A44BC68B1AEE005F001580AA /* Debug */ = {
			isa = XCBuildConfiguration;
			buildSettings = {
				ALWAYS_SEARCH_USER_PATHS = NO;
				CLANG_CXX_LANGUAGE_STANDARD = "gnu++0x";
				CLANG_CXX_LIBRARY = "libc++";
				CLANG_ENABLE_MODULES = YES;
				CLANG_ENABLE_OBJC_ARC = YES;
				CLANG_WARN_BOOL_CONVERSION = YES;
				CLANG_WARN_CONSTANT_CONVERSION = YES;
				CLANG_WARN_DIRECT_OBJC_ISA_USAGE = YES_ERROR;
				CLANG_WARN_EMPTY_BODY = YES;
				CLANG_WARN_ENUM_CONVERSION = YES;
				CLANG_WARN_INT_CONVERSION = YES;
				CLANG_WARN_OBJC_ROOT_CLASS = YES_ERROR;
				CLANG_WARN_UNREACHABLE_CODE = YES;
				CLANG_WARN__DUPLICATE_METHOD_MATCH = YES;
				"CODE_SIGN_IDENTITY[sdk=iphoneos*]" = "iPhone Developer";
				COPY_PHASE_STRIP = NO;
				ENABLE_STRICT_OBJC_MSGSEND = YES;
				GCC_C_LANGUAGE_STANDARD = gnu99;
				GCC_DYNAMIC_NO_PIC = NO;
				GCC_OPTIMIZATION_LEVEL = 0;
				GCC_PREPROCESSOR_DEFINITIONS = (
					"DEBUG=1",
					"$(inherited)",
				);
				GCC_SYMBOLS_PRIVATE_EXTERN = NO;
				GCC_WARN_64_TO_32_BIT_CONVERSION = YES;
				GCC_WARN_ABOUT_RETURN_TYPE = YES_ERROR;
				GCC_WARN_UNDECLARED_SELECTOR = YES;
				GCC_WARN_UNINITIALIZED_AUTOS = YES_AGGRESSIVE;
				GCC_WARN_UNUSED_FUNCTION = YES;
				GCC_WARN_UNUSED_VARIABLE = YES;
				IPHONEOS_DEPLOYMENT_TARGET = 8.1;
				MTL_ENABLE_DEBUG_INFO = YES;
				ONLY_ACTIVE_ARCH = YES;
				SDKROOT = iphoneos;
				TARGETED_DEVICE_FAMILY = "1,2";
			};
			name = Debug;
		};
		A44BC68C1AEE005F001580AA /* Release */ = {
			isa = XCBuildConfiguration;
			buildSettings = {
				ALWAYS_SEARCH_USER_PATHS = NO;
				CLANG_CXX_LANGUAGE_STANDARD = "gnu++0x";
				CLANG_CXX_LIBRARY = "libc++";
				CLANG_ENABLE_MODULES = YES;
				CLANG_ENABLE_OBJC_ARC = YES;
				CLANG_WARN_BOOL_CONVERSION = YES;
				CLANG_WARN_CONSTANT_CONVERSION = YES;
				CLANG_WARN_DIRECT_OBJC_ISA_USAGE = YES_ERROR;
				CLANG_WARN_EMPTY_BODY = YES;
				CLANG_WARN_ENUM_CONVERSION = YES;
				CLANG_WARN_INT_CONVERSION = YES;
				CLANG_WARN_OBJC_ROOT_CLASS = YES_ERROR;
				CLANG_WARN_UNREACHABLE_CODE = YES;
				CLANG_WARN__DUPLICATE_METHOD_MATCH = YES;
				"CODE_SIGN_IDENTITY[sdk=iphoneos*]" = "iPhone Developer";
				COPY_PHASE_STRIP = YES;
				ENABLE_NS_ASSERTIONS = NO;
				ENABLE_STRICT_OBJC_MSGSEND = YES;
				GCC_C_LANGUAGE_STANDARD = gnu99;
				GCC_WARN_64_TO_32_BIT_CONVERSION = YES;
				GCC_WARN_ABOUT_RETURN_TYPE = YES_ERROR;
				GCC_WARN_UNDECLARED_SELECTOR = YES;
				GCC_WARN_UNINITIALIZED_AUTOS = YES_AGGRESSIVE;
				GCC_WARN_UNUSED_FUNCTION = YES;
				GCC_WARN_UNUSED_VARIABLE = YES;
				IPHONEOS_DEPLOYMENT_TARGET = 8.1;
				MTL_ENABLE_DEBUG_INFO = NO;
				SDKROOT = iphoneos;
				TARGETED_DEVICE_FAMILY = "1,2";
				VALIDATE_PRODUCT = YES;
			};
			name = Release;
		};
		A44BC68E1AEE005F001580AA /* Debug */ = {
			isa = XCBuildConfiguration;
			buildSettings = {
				ASSETCATALOG_COMPILER_APPICON_NAME = AppIcon;
				"CODE_SIGN_IDENTITY[sdk=iphoneos*]" = "";
				INFOPLIST_FILE = Do_Test/Info.plist;
				IPHONEOS_DEPLOYMENT_TARGET = 7.0;
				LD_RUNPATH_SEARCH_PATHS = "$(inherited) @executable_path/Frameworks";
				LIBRARY_SEARCH_PATHS = (
					"$(inherited)",
					"$(PROJECT_DIR)/Do_Test/doCore",
					"$(PROJECT_DIR)/Do_Test/do_Example",
					"$(PROJECT_DIR)/doExtLib",
				);
				OTHER_LDFLAGS = "-all_load";
				PRODUCT_NAME = "$(TARGET_NAME)";
				PROVISIONING_PROFILE = "857c213d-2476-4b6d-b18a-27bd89d372c8";
			};
			name = Debug;
		};
		A44BC68F1AEE005F001580AA /* Release */ = {
			isa = XCBuildConfiguration;
			buildSettings = {
				ASSETCATALOG_COMPILER_APPICON_NAME = AppIcon;
				"CODE_SIGN_IDENTITY[sdk=iphoneos*]" = "";
				INFOPLIST_FILE = Do_Test/Info.plist;
				IPHONEOS_DEPLOYMENT_TARGET = 7.0;
				LD_RUNPATH_SEARCH_PATHS = "$(inherited) @executable_path/Frameworks";
				LIBRARY_SEARCH_PATHS = (
					"$(inherited)",
					"$(PROJECT_DIR)/Do_Test/doCore",
					"$(PROJECT_DIR)/Do_Test/do_Example",
					"$(PROJECT_DIR)/doExtLib",
				);
				OTHER_LDFLAGS = "-all_load";
				PRODUCT_NAME = "$(TARGET_NAME)";
				PROVISIONING_PROFILE = "857c213d-2476-4b6d-b18a-27bd89d372c8";
			};
			name = Release;
		};
		A44BC7C31AEE19CD001580AA /* Debug */ = {
			isa = XCBuildConfiguration;
			buildSettings = {
				GCC_PREPROCESSOR_DEFINITIONS = (
					"DEBUG=1",
					"$(inherited)",
				);
				IPHONEOS_DEPLOYMENT_TARGET = 7.0;
				LIBRARY_SEARCH_PATHS = (
					"$(inherited)",
					"$(PROJECT_DIR)/doExtLib",
					"$(PROJECT_DIR)/doExtLib/WXSDK",
				);
				ONLY_ACTIVE_ARCH = NO;
				OTHER_LDFLAGS = "-ObjC";
				PRODUCT_NAME = "$(TARGET_NAME)";
				SKIP_INSTALL = YES;
				SYMROOT = build;
			};
			name = Debug;
		};
		A44BC7C41AEE19CD001580AA /* Release */ = {
			isa = XCBuildConfiguration;
			buildSettings = {
				IPHONEOS_DEPLOYMENT_TARGET = 7.0;
				LIBRARY_SEARCH_PATHS = (
					"$(inherited)",
					"$(PROJECT_DIR)/doExtLib",
					"$(PROJECT_DIR)/doExtLib/WXSDK",
				);
				OTHER_LDFLAGS = "-ObjC";
				PRODUCT_NAME = "$(TARGET_NAME)";
				SKIP_INSTALL = YES;
				SYMROOT = build;
			};
			name = Release;
		};
/* End XCBuildConfiguration section */

/* Begin XCConfigurationList section */
		A44BC6651AEE005E001580AA /* Build configuration list for PBXProject "Do_Test" */ = {
			isa = XCConfigurationList;
			buildConfigurations = (
				A44BC68B1AEE005F001580AA /* Debug */,
				A44BC68C1AEE005F001580AA /* Release */,
			);
			defaultConfigurationIsVisible = 0;
			defaultConfigurationName = Release;
		};
		A44BC68D1AEE005F001580AA /* Build configuration list for PBXNativeTarget "Do_Test" */ = {
			isa = XCConfigurationList;
			buildConfigurations = (
				A44BC68E1AEE005F001580AA /* Debug */,
				A44BC68F1AEE005F001580AA /* Release */,
			);
			defaultConfigurationIsVisible = 0;
			defaultConfigurationName = Release;
		};
		A44BC7C71AEE19CD001580AA /* Build configuration list for PBXNativeTarget "doTencentWXLib" */ = {
			isa = XCConfigurationList;
			buildConfigurations = (
				A44BC7C31AEE19CD001580AA /* Debug */,
				A44BC7C41AEE19CD001580AA /* Release */,
			);
			defaultConfigurationIsVisible = 0;
			defaultConfigurationName = Release;
		};
/* End XCConfigurationList section */
	};
	rootObject = A44BC6621AEE005E001580AA /* Project object */;
}
